
Microsoft Visual Studio Solution File, Format Version 12.00
# Visual Studio Version 17
VisualStudioVersion = 17.7.34003.232
MinimumVisualStudioVersion = 10.0.40219.1
Project("{FAE04EC0-301F-11D3-BF4B-00C04F79EFBC}") = "GD_Extension", "GD_Extension.csproj", "{9E67A8DC-8FE3-4D76-A282-BAC9F739A37F}"
EndProject
Global
	GlobalSection(SolutionConfigurationPlatforms) = preSolution
		Debug|Any CPU = Debug|Any CPU
		Release|Any CPU = Release|Any CPU
	EndGlobalSection
	GlobalSection(ProjectConfigurationPlatforms) = postSolution
		{9E67A8DC-8FE3-4D76-A282-BAC9F739A37F}.Debug|Any CPU.ActiveCfg = Debug|Any CPU
		{9E67A8DC-8FE3-4D76-A282-BAC9F739A37F}.Debug|Any CPU.Build.0 = Debug|Any CPU
		{9E67A8DC-8FE3-4D76-A282-BAC9F739A37F}.Release|Any CPU.ActiveCfg = Release|Any CPU
		{9E67A8DC-8FE3-4D76-A282-BAC9F739A37F}.Release|Any CPU.Build.0 = Release|Any CPU
	EndGlobalSection
	GlobalSection(SolutionProperties) = preSolution
		HideSolutionNode = FALSE
	EndGlobalSection
	GlobalSection(ExtensibilityGlobals) = postSolution
		SolutionGuid = {E9E736EB-D5FB-456C-8D2D-3503B8ADA3F5}
	EndGlobalSection
EndGlobal
